{
  "name": "instagram_clone",
  "lockfileVersion": 2,
  "requires": true,
  "packages": {
    "": {
      "dependencies": {
        "@heroku/buildpack-registry": "^1.0.1"
      }
    },
    "node_modules/@heroku/buildpack-registry": {
      "version": "1.0.1",
      "resolved": "https://registry.npmjs.org/@heroku/buildpack-registry/-/buildpack-registry-1.0.1.tgz",
      "integrity": "sha512-cbB6ND+unRk692jf1PctcoqnmuyifanTMtFStucXukkpyeI/QgXac5qJNb3g6yhHOObTghJBXi9Uzy1KBcnPgQ==",
      "dependencies": {
        "node-fetch": "^2.2.0",
        "true-myth": "^2.0.0"
      },
      "engines": {
        "node": ">= 8.0.0"
      }
    },
    "node_modules/node-fetch": {
      "version": "2.6.1",
      "resolved": "https://registry.npmjs.org/node-fetch/-/node-fetch-2.6.1.tgz",
      "integrity": "sha512-V4aYg89jEoVRxRb2fJdAg8FHvI7cEyYdVAh94HH0UIK8oJxUfkjlDQN9RbMx+bEjP7+ggMiFRprSti032Oipxw==",
      "engines": {
        "node": "4.x || >=6.0.0"
      }
    },
    "node_modules/true-myth": {
      "version": "2.2.8",
      "resolved": "https://registry.npmjs.org/true-myth/-/true-myth-2.2.8.tgz",
      "integrity": "sha512-ds6rEGLDgVZZId9v+WK0kj7gc7x6LOJ8HVGGDrrWekYdJGCShGeV37z39124zgF73OtmlAqoDDZnDTmygr2D4g=="
    }
  },
  "dependencies": {
    "@heroku/buildpack-registry": {
      "version": "1.0.1",
      "resolved": "https://registry.npmjs.org/@heroku/buildpack-registry/-/buildpack-registry-1.0.1.tgz",
      "integrity": "sha512-cbB6ND+unRk692jf1PctcoqnmuyifanTMtFStucXukkpyeI/QgXac5qJNb3g6yhHOObTghJBXi9Uzy1KBcnPgQ==",
      "requires": {
        "node-fetch": "^2.2.0",
        "true-myth": "^2.0.0"
      }
    },
    "node-fetch": {
      "version": "2.6.1",
      "resolved": "https://registry.npmjs.org/node-fetch/-/node-fetch-2.6.1.tgz",
      "integrity": "sha512-V4aYg89jEoVRxRb2fJdAg8FHvI7cEyYdVAh94HH0UIK8oJxUfkjlDQN9RbMx+bEjP7+ggMiFRprSti032Oipxw=="
    },
    "true-myth": {
      "version": "2.2.8",
      "resolved": "https://registry.npmjs.org/true-myth/-/true-myth-2.2.8.tgz",
      "integrity": "sha512-ds6rEGLDgVZZId9v+WK0kj7gc7x6LOJ8HVGGDrrWekYdJGCShGeV37z39124zgF73OtmlAqoDDZnDTmygr2D4g=="
    }
  }
}
